
Microsoft Visual Studio Solution File, Format Version 12.00
# Visual Studio Version 16
VisualStudioVersion = 16.0.30114.105
MinimumVisualStudioVersion = 10.0.40219.1
Project("{2150E333-8FDC-42A3-9474-1A3956D46DE8}") = "src", "src", "{DB8FCD5D-4681-46EC-94BF-53490E4DE093}"
EndProject
Project("{FAE04EC0-301F-11D3-BF4B-00C04F79EFBC}") = "WorkbookR", "src\workbookr\WorkbookR.csproj", "{2624827E-1E59-4B49-8E74-F6FD76CC75AB}"
EndProject
Global
	GlobalSection(SolutionConfigurationPlatforms) = preSolution
		Debug|Any CPU = Debug|Any CPU
		Release|Any CPU = Release|Any CPU
	EndGlobalSection
	GlobalSection(SolutionProperties) = preSolution
		HideSolutionNode = FALSE
	EndGlobalSection
	GlobalSection(ProjectConfigurationPlatforms) = postSolution
		{2624827E-1E59-4B49-8E74-F6FD76CC75AB}.Debug|Any CPU.ActiveCfg = Debug|Any CPU
		{2624827E-1E59-4B49-8E74-F6FD76CC75AB}.Debug|Any CPU.Build.0 = Debug|Any CPU
		{2624827E-1E59-4B49-8E74-F6FD76CC75AB}.Release|Any CPU.ActiveCfg = Release|Any CPU
		{2624827E-1E59-4B49-8E74-F6FD76CC75AB}.Release|Any CPU.Build.0 = Release|Any CPU
	EndGlobalSection
	GlobalSection(NestedProjects) = preSolution
		{2624827E-1E59-4B49-8E74-F6FD76CC75AB} = {DB8FCD5D-4681-46EC-94BF-53490E4DE093}
	EndGlobalSection
EndGlobal
